
Microsoft Visual Studio Solution File, Format Version 12.00
# Visual Studio Version 17
VisualStudioVersion = 17.11.35312.102
MinimumVisualStudioVersion = 10.0.40219.1
Project("{FAE04EC0-301F-11D3-BF4B-00C04F79EFBC}") = "Backpropagation", "Backpropagation\Backpropagation.csproj", "{FDB47289-FD64-42FF-A646-EE52ECA7DD26}"
EndProject
Global
	GlobalSection(SolutionConfigurationPlatforms) = preSolution
		Debug|Any CPU = Debug|Any CPU
		Release|Any CPU = Release|Any CPU
	EndGlobalSection
	GlobalSection(ProjectConfigurationPlatforms) = postSolution
		{FDB47289-FD64-42FF-A646-EE52ECA7DD26}.Debug|Any CPU.ActiveCfg = Debug|Any CPU
		{FDB47289-FD64-42FF-A646-EE52ECA7DD26}.Debug|Any CPU.Build.0 = Debug|Any CPU
		{FDB47289-FD64-42FF-A646-EE52ECA7DD26}.Release|Any CPU.ActiveCfg = Release|Any CPU
		{FDB47289-FD64-42FF-A646-EE52ECA7DD26}.Release|Any CPU.Build.0 = Release|Any CPU
	EndGlobalSection
	GlobalSection(SolutionProperties) = preSolution
		HideSolutionNode = FALSE
	EndGlobalSection
	GlobalSection(ExtensibilityGlobals) = postSolution
		SolutionGuid = {C517D4D0-695D-4787-9780-3E25E5DA9670}
	EndGlobalSection
EndGlobal
